# This file is automatically @generated by Cargo.
# It is not intended for manual editing.
version = 4

[[package]]
name = "cfg-if"
version = "1.0.3"
source = "registry+https://github.com/rust-lang/crates.io-index"
checksum = "2fd1289c04a9ea8cb22300a459a72a385d7c73d3259e2ed7dcb2af674838cfa9"

[[package]]
name = "const-generic-alignment"
version = "0.3.0"
source = "registry+https://github.com/rust-lang/crates.io-index"
checksum = "258dc13d6e76c98f977bc3d5d92069d4d283f91bb16336c4994f99bdff66a3fc"
dependencies = [
 "cfg-if",
]

[[package]]
name = "embedded_errors"
version = "0.1.0"
dependencies = [
 "const-generic-alignment",
]
